
Microsoft Visual Studio Solution File, Format Version 12.00
# Visual Studio Version 17
VisualStudioVersion = 17.9.34728.123
MinimumVisualStudioVersion = 10.0.40219.1
Project("{FAE04EC0-301F-11D3-BF4B-00C04F79EFBC}") = "BANK", "BANK\BANK.csproj", "{CC4DCD63-6E94-4946-8F96-F0F852E5973F}"
EndProject
Global
	GlobalSection(SolutionConfigurationPlatforms) = preSolution
		Debug|Any CPU = Debug|Any CPU
		Release|Any CPU = Release|Any CPU
	EndGlobalSection
	GlobalSection(ProjectConfigurationPlatforms) = postSolution
		{CC4DCD63-6E94-4946-8F96-F0F852E5973F}.Debug|Any CPU.ActiveCfg = Debug|Any CPU
		{CC4DCD63-6E94-4946-8F96-F0F852E5973F}.Debug|Any CPU.Build.0 = Debug|Any CPU
		{CC4DCD63-6E94-4946-8F96-F0F852E5973F}.Release|Any CPU.ActiveCfg = Release|Any CPU
		{CC4DCD63-6E94-4946-8F96-F0F852E5973F}.Release|Any CPU.Build.0 = Release|Any CPU
	EndGlobalSection
	GlobalSection(SolutionProperties) = preSolution
		HideSolutionNode = FALSE
	EndGlobalSection
	GlobalSection(ExtensibilityGlobals) = postSolution
		SolutionGuid = {3DD2D378-0A88-4859-B597-F7A9141F7914}
	EndGlobalSection
EndGlobal
